{
  "name": "bruno",
  "version": "1.0.0",
  "lockfileVersion": 3,
  "requires": true,
  "packages": {
    "": {
      "name": "bruno",
      "version": "1.0.0",
      "license": "ISC",
      "dependencies": {
        "@faker-js/faker": "^9.5.0",
        "dayjs": "^1.11.13"
      }
    },
    "node_modules/@faker-js/faker": {
      "version": "9.5.0",
      "resolved": "https://registry.npmjs.org/@faker-js/faker/-/faker-9.5.0.tgz",
      "integrity": "sha512-3qbjLv+fzuuCg3umxc9/7YjrEXNaKwHgmig949nfyaTx8eL4FAsvFbu+1JcFUj1YAXofhaDn6JdEUBTYuk0Ssw==",
      "funding": [
        {
          "type": "opencollective",
          "url": "https://opencollective.com/fakerjs"
        }
      ],
      "engines": {
        "node": ">=18.0.0",
        "npm": ">=9.0.0"
      }
    },
    "node_modules/dayjs": {
      "version": "1.11.13",
      "resolved": "https://registry.npmjs.org/dayjs/-/dayjs-1.11.13.tgz",
      "integrity": "sha512-oaMBel6gjolK862uaPQOVTA7q3TZhuSvuMQAAglQDOWYO9A91IrAOUJEyKVlqJlHE0vq5p5UXxzdPfMH/x6xNg=="
    }
  }
}
